{
  "name": "currency-api",
  "version": "1.0.0",
  "lockfileVersion": 3,
  "requires": true,
  "packages": {
    "": {
      "name": "currency-api",
      "version": "1.0.0",
      "license": "ISC",
      "dependencies": {
        "chillout": "^5.0.0"
      }
    },
    "node_modules/chillout": {
      "version": "5.0.0",
      "resolved": "https://registry.npmjs.org/chillout/-/chillout-5.0.0.tgz",
      "integrity": "sha512-xCyFUOrkOVBSaZ1pKXUZcrKhMsPkWh4jWPa9rp4zE+wHE5h4NTO7z8K5rLhV989dtQatDOoMhTe9Vi2S96QEhQ==",
      "engines": {
        "node": ">=8.10.0"
      }
    }
  }
}
